
Microsoft Visual Studio Solution File, Format Version 12.00
# Visual Studio Version 17
VisualStudioVersion = 17.0.32014.148
MinimumVisualStudioVersion = 10.0.40219.1
Project("{9A19103F-16F7-4668-BE54-9A1E7A4F7556}") = "stage1", "stage1\stage1.csproj", "{F0CAEF4A-6BBC-4EEB-9666-170BDAA44118}"
EndProject
Project("{9A19103F-16F7-4668-BE54-9A1E7A4F7556}") = "DalFacade", "Dal\DalFacade.csproj", "{7B06AC15-9E1C-49A9-82AC-242B000217D4}"
EndProject
Project("{9A19103F-16F7-4668-BE54-9A1E7A4F7556}") = "DalList", "DalList\DalList.csproj", "{4AC45CC1-99B1-4B69-9A5A-16942DC27CFF}"
EndProject
Project("{9A19103F-16F7-4668-BE54-9A1E7A4F7556}") = "DalTest", "DalTest\DalTest.csproj", "{E2802CE2-EA98-4942-8C23-878034AB3D2A}"
EndProject
Project("{9A19103F-16F7-4668-BE54-9A1E7A4F7556}") = "BL", "BL\BL.csproj", "{E08A915C-D633-4AF9-9A4A-81F2E4D260DF}"
EndProject
Project("{9A19103F-16F7-4668-BE54-9A1E7A4F7556}") = "BlTest", "BlTest\BlTest.csproj", "{24BF9644-EE5C-48A9-B57E-7F4B5F00D646}"
EndProject
Project("{9A19103F-16F7-4668-BE54-9A1E7A4F7556}") = "PL", "Pl\PL.csproj", "{29017BB9-A8DD-4C00-A04E-F1182F91FFED}"
EndProject
Project("{2150E333-8FDC-42A3-9474-1A3956D46DE8}") = "xml", "xml", "{9730D0F4-D8AD-4E33-9CEF-BB219EAEEC80}"
	ProjectSection(SolutionItems) = preProject
		..\xml\dal-config.xml = ..\xml\dal-config.xml
	EndProjectSection
EndProject
Global
	GlobalSection(SolutionConfigurationPlatforms) = preSolution
		Debug|Any CPU = Debug|Any CPU
		Release|Any CPU = Release|Any CPU
	EndGlobalSection
	GlobalSection(ProjectConfigurationPlatforms) = postSolution
		{F0CAEF4A-6BBC-4EEB-9666-170BDAA44118}.Debug|Any CPU.ActiveCfg = Debug|Any CPU
		{F0CAEF4A-6BBC-4EEB-9666-170BDAA44118}.Debug|Any CPU.Build.0 = Debug|Any CPU
		{F0CAEF4A-6BBC-4EEB-9666-170BDAA44118}.Release|Any CPU.ActiveCfg = Release|Any CPU
		{F0CAEF4A-6BBC-4EEB-9666-170BDAA44118}.Release|Any CPU.Build.0 = Release|Any CPU
		{7B06AC15-9E1C-49A9-82AC-242B000217D4}.Debug|Any CPU.ActiveCfg = Debug|Any CPU
		{7B06AC15-9E1C-49A9-82AC-242B000217D4}.Debug|Any CPU.Build.0 = Debug|Any CPU
		{7B06AC15-9E1C-49A9-82AC-242B000217D4}.Release|Any CPU.ActiveCfg = Release|Any CPU
		{7B06AC15-9E1C-49A9-82AC-242B000217D4}.Release|Any CPU.Build.0 = Release|Any CPU
		{4AC45CC1-99B1-4B69-9A5A-16942DC27CFF}.Debug|Any CPU.ActiveCfg = Debug|Any CPU
		{4AC45CC1-99B1-4B69-9A5A-16942DC27CFF}.Debug|Any CPU.Build.0 = Debug|Any CPU
		{4AC45CC1-99B1-4B69-9A5A-16942DC27CFF}.Release|Any CPU.ActiveCfg = Release|Any CPU
		{4AC45CC1-99B1-4B69-9A5A-16942DC27CFF}.Release|Any CPU.Build.0 = Release|Any CPU
		{E2802CE2-EA98-4942-8C23-878034AB3D2A}.Debug|Any CPU.ActiveCfg = Debug|Any CPU
		{E2802CE2-EA98-4942-8C23-878034AB3D2A}.Debug|Any CPU.Build.0 = Debug|Any CPU
		{E2802CE2-EA98-4942-8C23-878034AB3D2A}.Release|Any CPU.ActiveCfg = Release|Any CPU
		{E2802CE2-EA98-4942-8C23-878034AB3D2A}.Release|Any CPU.Build.0 = Release|Any CPU
		{E08A915C-D633-4AF9-9A4A-81F2E4D260DF}.Debug|Any CPU.ActiveCfg = Debug|Any CPU
		{E08A915C-D633-4AF9-9A4A-81F2E4D260DF}.Debug|Any CPU.Build.0 = Debug|Any CPU
		{E08A915C-D633-4AF9-9A4A-81F2E4D260DF}.Release|Any CPU.ActiveCfg = Release|Any CPU
		{E08A915C-D633-4AF9-9A4A-81F2E4D260DF}.Release|Any CPU.Build.0 = Release|Any CPU
		{24BF9644-EE5C-48A9-B57E-7F4B5F00D646}.Debug|Any CPU.ActiveCfg = Debug|Any CPU
		{24BF9644-EE5C-48A9-B57E-7F4B5F00D646}.Debug|Any CPU.Build.0 = Debug|Any CPU
		{24BF9644-EE5C-48A9-B57E-7F4B5F00D646}.Release|Any CPU.ActiveCfg = Release|Any CPU
		{24BF9644-EE5C-48A9-B57E-7F4B5F00D646}.Release|Any CPU.Build.0 = Release|Any CPU
		{29017BB9-A8DD-4C00-A04E-F1182F91FFED}.Debug|Any CPU.ActiveCfg = Debug|Any CPU
		{29017BB9-A8DD-4C00-A04E-F1182F91FFED}.Debug|Any CPU.Build.0 = Debug|Any CPU
		{29017BB9-A8DD-4C00-A04E-F1182F91FFED}.Release|Any CPU.ActiveCfg = Release|Any CPU
		{29017BB9-A8DD-4C00-A04E-F1182F91FFED}.Release|Any CPU.Build.0 = Release|Any CPU
	EndGlobalSection
	GlobalSection(SolutionProperties) = preSolution
		HideSolutionNode = FALSE
	EndGlobalSection
	GlobalSection(ExtensibilityGlobals) = postSolution
		SolutionGuid = {B892F8E4-F4E1-4920-9DF1-AC3768BEE241}
	EndGlobalSection
EndGlobal
